{
  "originHash" : "c9c953bc553a1ae3a3b434ecd49984f3af849042e165f698a70ecb486c5efd3c",
  "pins" : [
    {
      "identity" : "swift-argument-parser",
      "kind" : "remoteSourceControl",
      "location" : "https://github.com/apple/swift-argument-parser",
      "state" : {
        "revision" : "6a52f3251125d74daf04fcbd5e6f08a75d074382",
        "version" : "1.8.2"
      }
    },
    {
      "identity" : "swiftterm",
      "kind" : "remoteSourceControl",
      "location" : "https://github.com/migueldeicaza/SwiftTerm",
      "state" : {
        "revision" : "ca6f80ef534248d2f65c1b640656e3c9a270bfeb",
        "version" : "1.10.0"
      }
    }
  ],
  "version" : 3
}
